<Project xmlns="http://schemas.microsoft.com/developer/msbuild/2003">
    <PropertyGroup>
        <ProjectGuid>{848528e6-cc1f-4b5d-8363-c81200d82297}</ProjectGuid>
        <MainSource>Woojin.dpr</MainSource>
        <Configuration Condition=" '$(Configuration)' == '' ">Debug</Configuration>
        <DCC_DCCCompiler>DCC32</DCC_DCCCompiler>
        <DCC_DependencyCheckOutputName>..\..\..\BinUpdate\Venti.exe</DCC_DependencyCheckOutputName>
        <ProjectVersion>15.1</ProjectVersion>
        <Config Condition="'$(Config)'==''">Debug</Config>
        <Base>True</Base>
        <AppType>Application</AppType>
        <FrameworkType>VCL</FrameworkType>
        <Platform Condition="'$(Platform)'==''">Win32</Platform>
        <TargetedPlatforms>1</TargetedPlatforms>
    </PropertyGroup>
    <PropertyGroup Condition="'$(Config)'=='Base' or '$(Base)'!=''">
        <Base>true</Base>
    </PropertyGroup>
    <PropertyGroup Condition="('$(Platform)'=='Win32' and '$(Base)'=='true') or '$(Base_Win32)'!=''">
        <Base_Win32>true</Base_Win32>
        <CfgParent>Base</CfgParent>
        <Base>true</Base>
    </PropertyGroup>
    <PropertyGroup Condition="('$(Platform)'=='Win64' and '$(Base)'=='true') or '$(Base_Win64)'!=''">
        <Base_Win64>true</Base_Win64>
        <CfgParent>Base</CfgParent>
        <Base>true</Base>
    </PropertyGroup>
    <PropertyGroup Condition="'$(Config)'=='Release' or '$(Cfg_1)'!=''">
        <Cfg_1>true</Cfg_1>
        <CfgParent>Base</CfgParent>
        <Base>true</Base>
    </PropertyGroup>
    <PropertyGroup Condition="'$(Config)'=='Debug' or '$(Cfg_2)'!=''">
        <Cfg_2>true</Cfg_2>
        <CfgParent>Base</CfgParent>
        <Base>true</Base>
    </PropertyGroup>
    <PropertyGroup Condition="('$(Platform)'=='Win32' and '$(Cfg_2)'=='true') or '$(Cfg_2_Win32)'!=''">
        <Cfg_2_Win32>true</Cfg_2_Win32>
        <CfgParent>Cfg_2</CfgParent>
        <Cfg_2>true</Cfg_2>
        <Base>true</Base>
    </PropertyGroup>
    <PropertyGroup Condition="'$(Base)'!=''">
        <DCC_Namespace>Vcl;Vcl.Imaging;Vcl.Touch;Vcl.Samples;Vcl.Shell;System;Xml;Data;Datasnap;Web;Soap;Winapi;$(DCC_Namespace)</DCC_Namespace>
        <VerInfo_Keys>FileVersion=1.0.0.0;ProductVersion=1.0.0.0</VerInfo_Keys>
        <VerInfo_Locale>1042</VerInfo_Locale>
        <DCC_UsePackage>vclx;vcl;dbrtl;Rave76VCL;bdertl;rtl;vclactnband;xmlrtl;vcldb;vcldbx;dsnap;dsnapcon;TeeUI;TeeDB;Tee;adortl;vclib;ibxpress;IndyCore;IndySystem;IndyProtocols;inet;intrawebdb_100_120;Intraweb_100_120;VclSmp;vclie;soaprtl;inetdbbde;inetdbxpress;vclribbon;dbexpress;DbxCommonDriver;DataSnapIndy10ServerTransport;DataSnapProviderClient;DataSnapServer;DbxClientDriver;DBXInterBaseDriver;DBXMySQLDriver;dbxcds;DBXSybaseASEDriver;DBXSybaseASADriver;DBXOracleDriver;DBXMSSQLDriver;DBXInformixDriver;DBXDb2Driver;websnap;webdsnap;dxCoreD12;cxLibraryD12;cxEditorsD12;cxGridD12;cxSchedulerD12;cxSpreadSheetD12;cxBarEditItemD12;dxBarD12;dxRibbonD12;cxPageControlD12;cxPivotGridD12;cxTreeListD12;cxVerticalGridD12;dxLayoutControlD12;cxExtEditorsD12;dxDockingD12;dxNavBarD12;dxmdsD12;dcldxSkinsCoreD12;dxSkinsCoreD12;icyLibD12;icyDbcD12;unidac120;dac120;dxPScxGrid6LnkD12;dxPScxCommonD12;dxPSLnksD12;dxPSCoreD12;vclshlctrls;icyCmdD12;dxPScxPivotGrid2LnkD12;cxPivotGridChartD12;dacvcl120;unidacvcl120;dxSkinscxScheduler3PainterD12;dxSkinsdxRibbonPainterD12;dxSkinsdxNavBar2PainterD12;dxSkinsdxLCPainterD12;dxSkinsdxDLPainterD12;dxSkinsdxBarPainterD12;dxSkinscxSchedulerPainterD12;dxSkinscxPCPainterD12;dxBarExtItemsD12;frxe12;frxTee12;frxDBX12;frxIBX12;frxADO12;frxBDE12;frxDB12;frx12;fsTee12;fs12;fsIBX12;fsADO12;fsBDE12;fsDB12;RbControlsD6;$(DCC_UsePackage)</DCC_UsePackage>
        <DCC_DependencyCheckOutputName>Venti.exe</DCC_DependencyCheckOutputName>
    </PropertyGroup>
    <PropertyGroup Condition="'$(Base_Win32)'!=''">
        <VerInfo_IncludeVerInfo>true</VerInfo_IncludeVerInfo>
        <Manifest_File>$(BDS)\bin\default_app.manifest</Manifest_File>
        <DCC_Namespace>System.Win;Data.Win;Datasnap.Win;Web.Win;Soap.Win;Xml.Win;Bde;$(DCC_Namespace)</DCC_Namespace>
        <VerInfo_Locale>1033</VerInfo_Locale>
        <VerInfo_Keys>CompanyName=;FileDescription=;FileVersion=1.0.0.0;InternalName=;LegalCopyright=;LegalTrademarks=;OriginalFilename=;ProductName=;ProductVersion=1.0.0.0;Comments=</VerInfo_Keys>
        <Icon_MainIcon>Nanum_Icon.ico</Icon_MainIcon>
    </PropertyGroup>
    <PropertyGroup Condition="'$(Base_Win64)'!=''">
        <Icon_MainIcon>Nanum_Icon.ico</Icon_MainIcon>
    </PropertyGroup>
    <PropertyGroup Condition="'$(Cfg_1)'!=''">
        <DCC_DependencyCheckOutputName>..\..\..\BinUpdate\Venti.exe</DCC_DependencyCheckOutputName>
        <Version>7.0</Version>
        <DCC_DebugInformation>0</DCC_DebugInformation>
        <DCC_LocalDebugSymbols>False</DCC_LocalDebugSymbols>
        <DCC_SymbolReferenceInfo>0</DCC_SymbolReferenceInfo>
        <DCC_ExeOutput>..\..\..\BinUpdate</DCC_ExeOutput>
        <DCC_UnitSearchPath>C:\Program Files\Borland\BDS\3.0\lib\Command;C:\Program Files\Borland\BDS\3.0\lib\ZRyuTools;C:\Program Files\Borland\BDS\3.0\lib\envision\build;C:\project\zeosdbo-6.5.1-alpha_cvs_13-10-2005\packages\delphi9\build;C:\Program Files\Borland\BDS\3.0\lib\DevExpress\LibD9;$(DCC_UnitSearchPath)</DCC_UnitSearchPath>
        <DCC_ResourcePath>C:\Program Files\Borland\BDS\3.0\lib\Command;C:\Program Files\Borland\BDS\3.0\lib\ZRyuTools;C:\Program Files\Borland\BDS\3.0\lib\envision\build;C:\project\zeosdbo-6.5.1-alpha_cvs_13-10-2005\packages\delphi9\build;C:\Program Files\Borland\BDS\3.0\lib\DevExpress\LibD9;$(DCC_ResourcePath)</DCC_ResourcePath>
        <DCC_ObjPath>C:\Program Files\Borland\BDS\3.0\lib\Command;C:\Program Files\Borland\BDS\3.0\lib\ZRyuTools;C:\Program Files\Borland\BDS\3.0\lib\envision\build;C:\project\zeosdbo-6.5.1-alpha_cvs_13-10-2005\packages\delphi9\build;C:\Program Files\Borland\BDS\3.0\lib\DevExpress\LibD9;$(DCC_ObjPath)</DCC_ObjPath>
        <DCC_IncludePath>C:\Program Files\Borland\BDS\3.0\lib\Command;C:\Program Files\Borland\BDS\3.0\lib\ZRyuTools;C:\Program Files\Borland\BDS\3.0\lib\envision\build;C:\project\zeosdbo-6.5.1-alpha_cvs_13-10-2005\packages\delphi9\build;C:\Program Files\Borland\BDS\3.0\lib\DevExpress\LibD9;$(DCC_IncludePath)</DCC_IncludePath>
        <DCC_Define>RELEASE;$(DCC_Define)</DCC_Define>
    </PropertyGroup>
    <PropertyGroup Condition="'$(Cfg_2)'!=''">
        <DCC_DependencyCheckOutputName>..\..\..\BinUpdate\Venti.exe</DCC_DependencyCheckOutputName>
        <Version>7.0</Version>
        <DCC_ExeOutput>..\..\..\bin\BinUpdate</DCC_ExeOutput>
        <DCC_UnitSearchPath>C:\Program Files\Borland\BDS\3.0\lib\Command;C:\Program Files\Borland\BDS\3.0\lib\ZRyuTools;C:\Program Files\Borland\BDS\3.0\lib\envision\build;C:\project\zeosdbo-6.5.1-alpha_cvs_13-10-2005\packages\delphi9\build;C:\Program Files\Borland\BDS\3.0\lib\DevExpress\LibD9;$(DCC_UnitSearchPath)</DCC_UnitSearchPath>
        <DCC_ResourcePath>C:\Program Files\Borland\BDS\3.0\lib\Command;C:\Program Files\Borland\BDS\3.0\lib\ZRyuTools;C:\Program Files\Borland\BDS\3.0\lib\envision\build;C:\project\zeosdbo-6.5.1-alpha_cvs_13-10-2005\packages\delphi9\build;C:\Program Files\Borland\BDS\3.0\lib\DevExpress\LibD9;$(DCC_ResourcePath)</DCC_ResourcePath>
        <DCC_ObjPath>C:\Program Files\Borland\BDS\3.0\lib\Command;C:\Program Files\Borland\BDS\3.0\lib\ZRyuTools;C:\Program Files\Borland\BDS\3.0\lib\envision\build;C:\project\zeosdbo-6.5.1-alpha_cvs_13-10-2005\packages\delphi9\build;C:\Program Files\Borland\BDS\3.0\lib\DevExpress\LibD9;$(DCC_ObjPath)</DCC_ObjPath>
        <DCC_IncludePath>C:\Program Files\Borland\BDS\3.0\lib\Command;C:\Program Files\Borland\BDS\3.0\lib\ZRyuTools;C:\Program Files\Borland\BDS\3.0\lib\envision\build;C:\project\zeosdbo-6.5.1-alpha_cvs_13-10-2005\packages\delphi9\build;C:\Program Files\Borland\BDS\3.0\lib\DevExpress\LibD9;$(DCC_IncludePath)</DCC_IncludePath>
        <DCC_Define>DEBUG;$(DCC_Define)</DCC_Define>
    </PropertyGroup>
    <PropertyGroup Condition="'$(Cfg_2_Win32)'!=''">
        <VerInfo_IncludeVerInfo>true</VerInfo_IncludeVerInfo>
        <DCC_UnitSearchPath>$(BDSCOMMONDIR)\lib\FastMM4991;$(BDSCOMMONDIR)\lib\UniDAC5.3.8\Lib\Delphi19\Win32;$(BDSCOMMONDIR)\lib\DevExpressVCL13.1.4\Library\RS19;$(BDSCOMMONDIR)\lib\FastReport4.15\LibD19;$(BDSCOMMONDIR)\lib\icyman\Command;$(BDSCOMMONDIR)\lib\icyman\icyLib;$(BDSCOMMONDIR)\lib\icyman\icyDbc;$(DCC_UnitSearchPath)</DCC_UnitSearchPath>
        <VerInfo_Locale>1033</VerInfo_Locale>
        <VerInfo_Keys>CompanyName=;FileDescription=;FileVersion=1.0.0.0;InternalName=;LegalCopyright=;LegalTrademarks=;OriginalFilename=;ProductName=;ProductVersion=1.0.0.0;Comments=</VerInfo_Keys>
    </PropertyGroup>
    <ProjectExtensions>
        <Borland.Personality>Delphi.Personality.12</Borland.Personality>
        <Borland.ProjectType/>
        <BorlandProject>
            <Delphi.Personality>
                <Parameters/>
                <VersionInfo>
                    <VersionInfo Name="IncludeVerInfo">False</VersionInfo>
                    <VersionInfo Name="AutoIncBuild">False</VersionInfo>
                    <VersionInfo Name="MajorVer">1</VersionInfo>
                    <VersionInfo Name="MinorVer">0</VersionInfo>
                    <VersionInfo Name="Release">0</VersionInfo>
                    <VersionInfo Name="Build">0</VersionInfo>
                    <VersionInfo Name="Debug">False</VersionInfo>
                    <VersionInfo Name="PreRelease">False</VersionInfo>
                    <VersionInfo Name="Special">False</VersionInfo>
                    <VersionInfo Name="Private">False</VersionInfo>
                    <VersionInfo Name="DLL">False</VersionInfo>
                    <VersionInfo Name="Locale">1042</VersionInfo>
                    <VersionInfo Name="CodePage">949</VersionInfo>
                </VersionInfo>
                <VersionInfoKeys>
                    <VersionInfoKeys Name="FileVersion">1.0.0.0</VersionInfoKeys>
                    <VersionInfoKeys Name="ProductVersion">1.0.0.0</VersionInfoKeys>
                </VersionInfoKeys>
                <Excluded_Packages>
                    <Excluded_Packages Name="$(BDSBIN)\bcboffice2k190.bpl">Embarcadero C++Builder Office 2000 Servers Package</Excluded_Packages>
                    <Excluded_Packages Name="$(BDSBIN)\bcbofficexp190.bpl">Embarcadero C++Builder Office XP Servers Package</Excluded_Packages>
                    <Excluded_Packages Name="$(BDSBIN)\dcloffice2k190.bpl">Microsoft Office 2000 Sample Automation Server Wrapper Components</Excluded_Packages>
                    <Excluded_Packages Name="$(BDSBIN)\dclofficexp190.bpl">Microsoft Office XP Sample Automation Server Wrapper Components</Excluded_Packages>
                </Excluded_Packages>
                <Source>
                    <Source Name="MainSource">Woojin.dpr</Source>
                </Source>
            </Delphi.Personality>
            <Platforms>
                <Platform value="Win32">True</Platform>
                <Platform value="Win64">False</Platform>
            </Platforms>
        </BorlandProject>
        <ProjectFileVersion>12</ProjectFileVersion>
    </ProjectExtensions>
    <ItemGroup>
        <DelphiCompile Include="$(MainSource)">
            <MainSource>MainSource</MainSource>
        </DelphiCompile>
        <DCCReference Include="ufmSU0000.pas">
            <Form>Form1</Form>
        </DCCReference>
        <DCCReference Include="..\Lib\uSetupIni.pas"/>
        <DCCReference Include="..\Lib\DIMime.pas"/>
        <BuildConfiguration Include="Debug">
            <Key>Cfg_2</Key>
            <CfgParent>Base</CfgParent>
        </BuildConfiguration>
        <BuildConfiguration Include="Base">
            <Key>Base</Key>
        </BuildConfiguration>
        <BuildConfiguration Include="Release">
            <Key>Cfg_1</Key>
            <CfgParent>Base</CfgParent>
        </BuildConfiguration>
    </ItemGroup>
    <Import Condition="Exists('$(BDS)\Bin\CodeGear.Delphi.Targets')" Project="$(BDS)\Bin\CodeGear.Delphi.Targets"/>
    <Import Project="$(APPDATA)\Embarcadero\$(BDSAPPDATABASEDIR)\$(PRODUCTVERSION)\UserTools.proj" Condition="Exists('$(APPDATA)\Embarcadero\$(BDSAPPDATABASEDIR)\$(PRODUCTVERSION)\UserTools.proj')"/>
</Project>
