<Project xmlns="http://schemas.microsoft.com/developer/msbuild/2003">
    <PropertyGroup>
        <ProjectGuid>{352748A4-9687-44CE-81D0-65ADD2D3E8C3}</ProjectGuid>
        <MainSource>E02.dpr</MainSource>
        <Base>True</Base>
        <Config Condition="'$(Config)'==''">Debug</Config>
        <TargetedPlatforms>17</TargetedPlatforms>
        <AppType>Library</AppType>
        <FrameworkType>VCL</FrameworkType>
        <ProjectVersion>15.1</ProjectVersion>
        <Platform Condition="'$(Platform)'==''">Win32</Platform>
    </PropertyGroup>
    <PropertyGroup Condition="'$(Config)'=='Base' or '$(Base)'!=''">
        <Base>true</Base>
    </PropertyGroup>
    <PropertyGroup Condition="('$(Platform)'=='Win32' and '$(Base)'=='true') or '$(Base_Win32)'!=''">
        <Base_Win32>true</Base_Win32>
        <CfgParent>Base</CfgParent>
        <Base>true</Base>
    </PropertyGroup>
    <PropertyGroup Condition="'$(Config)'=='Release' or '$(Cfg_1)'!=''">
        <Cfg_1>true</Cfg_1>
        <CfgParent>Base</CfgParent>
        <Base>true</Base>
    </PropertyGroup>
    <PropertyGroup Condition="'$(Config)'=='Debug' or '$(Cfg_2)'!=''">
        <Cfg_2>true</Cfg_2>
        <CfgParent>Base</CfgParent>
        <Base>true</Base>
    </PropertyGroup>
    <PropertyGroup Condition="('$(Platform)'=='Win32' and '$(Cfg_2)'=='true') or '$(Cfg_2_Win32)'!=''">
        <Cfg_2_Win32>true</Cfg_2_Win32>
        <CfgParent>Cfg_2</CfgParent>
        <Cfg_2>true</Cfg_2>
        <Base>true</Base>
    </PropertyGroup>
    <PropertyGroup Condition="'$(Base)'!=''">
        <DCC_Namespace>Vcl;Vcl.Imaging;Vcl.Touch;Vcl.Samples;Vcl.Shell;System;Xml;Data;Datasnap;Web;Soap;Winapi;$(DCC_Namespace)</DCC_Namespace>
        <DCC_F>false</DCC_F>
        <DCC_ImageBase>00400000</DCC_ImageBase>
        <DCC_K>false</DCC_K>
        <DCC_N>false</DCC_N>
        <DCC_S>false</DCC_S>
        <DCC_DebugInformation>true</DCC_DebugInformation>
        <VerInfo_Keys>CompanyName=;FileDescription=;FileVersion=1.0.0.0;InternalName=;LegalCopyright=;LegalTrademarks=;OriginalFilename=;ProductName=;ProductVersion=1.0.0.0;Comments=;CFBundleName=;CFBundleDisplayName=;UIDeviceFamily=;CFBundleIdentifier=;CFBundleVersion=;CFBundlePackageType=;CFBundleSignature=;CFBundleAllowMixedLocalizations=;UISupportedInterfaceOrientations=;CFBundleExecutable=;CFBundleResourceSpecification=;LSRequiresIPhoneOS=;CFBundleInfoDictionaryVersion=;CFBundleDevelopmentRegion=;package=;label=;versionCode=;versionName=;persistent=;restoreAnyVersion=;installLocation=;largeHeap=;theme=</VerInfo_Keys>
        <DCC_E>false</DCC_E>
        <GenDll>true</GenDll>
        <VerInfo_Locale>1042</VerInfo_Locale>
    </PropertyGroup>
    <PropertyGroup Condition="'$(Base_Win32)'!=''">
        <VerInfo_IncludeVerInfo>true</VerInfo_IncludeVerInfo>
        <DCC_Namespace>System.Win;Data.Win;Datasnap.Win;Web.Win;Soap.Win;Xml.Win;Bde;$(DCC_Namespace)</DCC_Namespace>
        <VerInfo_Keys>CompanyName=;FileDescription=;FileVersion=1.0.0.0;InternalName=;LegalCopyright=;LegalTrademarks=;OriginalFilename=;ProductName=;ProductVersion=1.0.0.0;Comments=</VerInfo_Keys>
        <VerInfo_Locale>1033</VerInfo_Locale>
    </PropertyGroup>
    <PropertyGroup Condition="'$(Cfg_1)'!=''">
        <DCC_Define>RELEASE;$(DCC_Define)</DCC_Define>
        <DCC_SymbolReferenceInfo>0</DCC_SymbolReferenceInfo>
        <DCC_LocalDebugSymbols>false</DCC_LocalDebugSymbols>
        <DCC_DebugInformation>0</DCC_DebugInformation>
    </PropertyGroup>
    <PropertyGroup Condition="'$(Cfg_2)'!=''">
        <DCC_GenerateStackFrames>true</DCC_GenerateStackFrames>
        <DCC_Define>DEBUG;$(DCC_Define)</DCC_Define>
        <DCC_Optimize>false</DCC_Optimize>
    </PropertyGroup>
    <PropertyGroup Condition="'$(Cfg_2_Win32)'!=''">
        <Debugger_HostApplication>..\..\bin\Win32\Debug\WoojinDB.exe</Debugger_HostApplication>
        <DCC_UnitSearchPath>$(BDSCOMMONDIR)\lib\FastMM4991;$(BDSCOMMONDIR)\lib\UniDAC5.3.8\Lib\Delphi19\Win32;$(BDSCOMMONDIR)\lib\DevExpressVCL13.1.4\Library\RS19;$(BDSCOMMONDIR)\lib\FastReport4.15\LibD19;$(BDSCOMMONDIR)\lib\icyman\Command;$(BDSCOMMONDIR)\lib\icyman\icyLib;$(BDSCOMMONDIR)\lib\icyman\icyDbc;$(DCC_UnitSearchPath)</DCC_UnitSearchPath>
        <DCC_UsePackage>vclimg;vcl;vclx;dbrtl;bdertl;rtl;xmlrtl;vclactnband;VclSmp;svnui;svn;TeeUI;TeeDB;Tee;vcldb;vcldbx;vcltouch;dsnap;dsnapcon;vclib;ibxpress;adortl;IndyCore;IndySystem;IndyProtocols;inet;vclie;inetdb;inetdbbde;inetdbxpress;soaprtl;vclribbon;dbexpress;DbxCommonDriver;DataSnapIndy10ServerTransport;DataSnapProviderClient;DbxClientDriver;DataSnapClient;dbxcds;DataSnapServer;AzureCloud;DBXInterBaseDriver;DBXMySQLDriver;DBXFirebirdDriver;DBXSybaseASEDriver;DBXSybaseASADriver;DBXOracleDriver;DBXMSSQLDriver;DBXInformixDriver;DBXDb2Driver;dxCoreRS19;cxLibraryRS19;dxGDIPlusRS19;dxThemeRS19;cxEditorsRS19;cxDataRS19;dxBarRS19;dxComnRS19;dxBarDBNavRS19;dxBarExtDBItemsRS19;dxBarExtItemsRS19;dxRibbonRS19;cxBarEditItemRS19;dxdbtrRS19;dxtrmdRS19;dxmdsRS19;dxDockingRS19;dxFlowChartRS19;cxPageControlRS19;dxLayoutControlRS19;dxNavBarRS19;dxorgcRS19;dxdborRS19;cxGridRS19;cxExportRS19;cxPivotGridRS19;cxPivotGridChartRS19;cxPivotGridOLAPRS19;cxTreeListRS19;cxTreeListdxBarPopupMenuRS19;cxSchedulerRS19;cxSchedulerGridRS19;dcldxSkinsCoreRS19;dxSkinsCoreRS19;dxSkinscxPCPainterRS19;dxSkinsdxDLPainterRS19;dxSpellCheckerRS19;cxSpreadSheetRS19;cxVerticalGridRS19;dxPSCoreRS19;dxPSLnksRS19;dxPScxCommonRS19;dxPScxExtCommonRS19;dxPScxSSLnkRS19;dxPScxVGridLnkRS19;dxPSTeeChartRS19;dxPSDBTeeChartRS19;dxPSdxOCLnkRS19;dxPSdxDBOCLnkRS19;dxPSdxDBTVLnkRS19;dxPSdxFCLnkRS19;dxPScxPCProdRS19;dxPsPrVwAdvRS19;dxPSPrVwRibbonRS19;dxSkinsdxRibbonPainterRS19;dxSkinSilverRS19;dxSkinStardustRS19;dxSkinValentineRS19;dxSkinXmas2008BlueRS19;dxSkinCoffeeRS19;dxSkinPumpkinRS19;dxSkinDarkSideRS19;dxSkinGlassOceansRS19;dxSkiniMaginaryRS19;dxSkinLilianRS19;dxSkinMcSkinRS19;dxSkinLiquidSkyRS19;dxSkinLondonLiquidSkyRS19;dxSkinMoneyTwinsRS19;dxSkinOffice2007BlackRS19;dxSkinOffice2007BlueRS19;dxSkinOffice2007GreenRS19;dxSkinOffice2007PinkRS19;dxSkinOffice2007SilverRS19;dxSkinSummer2008RS19;dxSkinSpringTimeRS19;dxSkinSevenRS19;dxSkinFoggyRS19;dxSkinDarkRoomRS19;dxSkinSharpRS19;dxSkinBlackRS19;dxSkinBlueRS19;dxSkinCaramelRS19;frx19;frxADO19;frxBDE19;frxcs19;frxDB19;frxDBX19;frxe19;fsTee19;fs19;fsIBX19;fsADO19;fsBDE19;fsDB19;frxIBX19;frxTee19;icyCmdD19;unidacvcl190;unidac190;dacvcl190;dac190;MyProvider190;icyDbcD19;cxLibraryRS19;$(DCC_UsePackage)</DCC_UsePackage>
        <UsePackages>true</UsePackages>
        <Debugger_CWD>..\..\bin\Win32\Debug</Debugger_CWD>
        <Debugger_RunParams>/cmd=icyman</Debugger_RunParams>
        <DCC_ExeOutput>..\..\bin\$(Platform)\$(Config)</DCC_ExeOutput>
        <VerInfo_IncludeVerInfo>true</VerInfo_IncludeVerInfo>
        <Manifest_File>None</Manifest_File>
        <VerInfo_Keys>CompanyName=;FileDescription=;FileVersion=1.0.0.0;InternalName=;LegalCopyright=;LegalTrademarks=;OriginalFilename=;ProductName=;ProductVersion=1.0.0.0;Comments=</VerInfo_Keys>
        <VerInfo_Locale>1033</VerInfo_Locale>
    </PropertyGroup>
    <ItemGroup>
        <DelphiCompile Include="$(MainSource)">
            <MainSource>MainSource</MainSource>
        </DelphiCompile>
        <DCCReference Include="uMain.pas">
            <Form>fmProgPriv</Form>
        </DCCReference>
        <DCCReference Include="..\Lib\dmlDatabase.pas">
            <Form>dmDatabase</Form>
            <DesignClass>TDataModule</DesignClass>
        </DCCReference>
        <DCCReference Include="..\Lib\Command\uSubForm.pas">
            <Form>fmASubForm</Form>
        </DCCReference>
        <BuildConfiguration Include="Debug">
            <Key>Cfg_2</Key>
            <CfgParent>Base</CfgParent>
        </BuildConfiguration>
        <BuildConfiguration Include="Base">
            <Key>Base</Key>
        </BuildConfiguration>
        <BuildConfiguration Include="Release">
            <Key>Cfg_1</Key>
            <CfgParent>Base</CfgParent>
        </BuildConfiguration>
    </ItemGroup>
    <ProjectExtensions>
        <Borland.Personality>Delphi.Personality.12</Borland.Personality>
        <Borland.ProjectType/>
        <BorlandProject>
            <Delphi.Personality>
                <Source>
                    <Source Name="MainSource">E02.dpr</Source>
                </Source>
                <VersionInfo>
                    <VersionInfo Name="IncludeVerInfo">False</VersionInfo>
                    <VersionInfo Name="AutoIncBuild">False</VersionInfo>
                    <VersionInfo Name="MajorVer">1</VersionInfo>
                    <VersionInfo Name="MinorVer">0</VersionInfo>
                    <VersionInfo Name="Release">0</VersionInfo>
                    <VersionInfo Name="Build">0</VersionInfo>
                    <VersionInfo Name="Debug">False</VersionInfo>
                    <VersionInfo Name="PreRelease">False</VersionInfo>
                    <VersionInfo Name="Special">False</VersionInfo>
                    <VersionInfo Name="Private">False</VersionInfo>
                    <VersionInfo Name="DLL">False</VersionInfo>
                    <VersionInfo Name="Locale">1042</VersionInfo>
                    <VersionInfo Name="CodePage">949</VersionInfo>
                </VersionInfo>
                <VersionInfoKeys>
                    <VersionInfoKeys Name="CompanyName"/>
                    <VersionInfoKeys Name="FileDescription"/>
                    <VersionInfoKeys Name="FileVersion">1.0.0.0</VersionInfoKeys>
                    <VersionInfoKeys Name="InternalName"/>
                    <VersionInfoKeys Name="LegalCopyright"/>
                    <VersionInfoKeys Name="LegalTrademarks"/>
                    <VersionInfoKeys Name="OriginalFilename"/>
                    <VersionInfoKeys Name="ProductName"/>
                    <VersionInfoKeys Name="ProductVersion">1.0.0.0</VersionInfoKeys>
                    <VersionInfoKeys Name="Comments"/>
                    <VersionInfoKeys Name="CFBundleName"/>
                    <VersionInfoKeys Name="CFBundleDisplayName"/>
                    <VersionInfoKeys Name="UIDeviceFamily"/>
                    <VersionInfoKeys Name="CFBundleIdentifier"/>
                    <VersionInfoKeys Name="CFBundleVersion"/>
                    <VersionInfoKeys Name="CFBundlePackageType"/>
                    <VersionInfoKeys Name="CFBundleSignature"/>
                    <VersionInfoKeys Name="CFBundleAllowMixedLocalizations"/>
                    <VersionInfoKeys Name="UISupportedInterfaceOrientations"/>
                    <VersionInfoKeys Name="CFBundleExecutable"/>
                    <VersionInfoKeys Name="CFBundleResourceSpecification"/>
                    <VersionInfoKeys Name="LSRequiresIPhoneOS"/>
                    <VersionInfoKeys Name="CFBundleInfoDictionaryVersion"/>
                    <VersionInfoKeys Name="CFBundleDevelopmentRegion"/>
                    <VersionInfoKeys Name="package"/>
                    <VersionInfoKeys Name="label"/>
                    <VersionInfoKeys Name="versionCode"/>
                    <VersionInfoKeys Name="versionName"/>
                    <VersionInfoKeys Name="persistent"/>
                    <VersionInfoKeys Name="restoreAnyVersion"/>
                    <VersionInfoKeys Name="installLocation"/>
                    <VersionInfoKeys Name="largeHeap"/>
                    <VersionInfoKeys Name="theme"/>
                </VersionInfoKeys>
                <Excluded_Packages>
                    <Excluded_Packages Name="$(BDSBIN)\bcboffice2k190.bpl">Embarcadero C++Builder Office 2000 Servers Package</Excluded_Packages>
                    <Excluded_Packages Name="$(BDSBIN)\bcbofficexp190.bpl">Embarcadero C++Builder Office XP Servers Package</Excluded_Packages>
                    <Excluded_Packages Name="$(BDSBIN)\dcloffice2k190.bpl">Microsoft Office 2000 Sample Automation Server Wrapper Components</Excluded_Packages>
                    <Excluded_Packages Name="$(BDSBIN)\dclofficexp190.bpl">Microsoft Office XP Sample Automation Server Wrapper Components</Excluded_Packages>
                </Excluded_Packages>
            </Delphi.Personality>
            <Platforms>
                <Platform value="Android">True</Platform>
                <Platform value="Win32">True</Platform>
                <Platform value="Win64">False</Platform>
            </Platforms>
        </BorlandProject>
        <ProjectFileVersion>12</ProjectFileVersion>
    </ProjectExtensions>
    <Import Project="$(BDS)\Bin\CodeGear.Delphi.Targets" Condition="Exists('$(BDS)\Bin\CodeGear.Delphi.Targets')"/>
    <Import Project="$(APPDATA)\Embarcadero\$(BDSAPPDATABASEDIR)\$(PRODUCTVERSION)\UserTools.proj" Condition="Exists('$(APPDATA)\Embarcadero\$(BDSAPPDATABASEDIR)\$(PRODUCTVERSION)\UserTools.proj')"/>
</Project>
